
Microsoft Visual Studio Solution File, Format Version 12.00
# Visual Studio Version 17
VisualStudioVersion = 17.0.31903.59
MinimumVisualStudioVersion = 10.0.40219.1
Project("{FAE04EC0-301F-11D3-BF4B-00C04F79EFBC}") = "Fathy.Auth", "Fathy.Auth\Fathy.Auth.csproj", "{056BB5D5-60D2-428F-A1CD-38E8355E5E91}"
EndProject
Project("{FAE04EC0-301F-11D3-BF4B-00C04F79EFBC}") = "Fathy.Email", "Fathy.Email\Fathy.Email.csproj", "{08A7AD1B-066E-427F-AE68-5C3C28C0462D}"
EndProject
Project("{FAE04EC0-301F-11D3-BF4B-00C04F79EFBC}") = "Fathy.Startup", "Fathy.Startup\Fathy.Startup.csproj", "{99B92A1E-94F1-44EE-971C-A8E6DE6A783E}"
EndProject
Project("{FAE04EC0-301F-11D3-BF4B-00C04F79EFBC}") = "Fathy.Storage", "Fathy.Storage\Fathy.Storage.csproj", "{8EE8D2AF-1D3D-45D5-B99F-7DC4B8AE6139}"
EndProject
Global
	GlobalSection(SolutionConfigurationPlatforms) = preSolution
		Debug|Any CPU = Debug|Any CPU
		Release|Any CPU = Release|Any CPU
	EndGlobalSection
	GlobalSection(SolutionProperties) = preSolution
		HideSolutionNode = FALSE
	EndGlobalSection
	GlobalSection(ProjectConfigurationPlatforms) = postSolution
		{056BB5D5-60D2-428F-A1CD-38E8355E5E91}.Debug|Any CPU.ActiveCfg = Debug|Any CPU
		{056BB5D5-60D2-428F-A1CD-38E8355E5E91}.Debug|Any CPU.Build.0 = Debug|Any CPU
		{056BB5D5-60D2-428F-A1CD-38E8355E5E91}.Release|Any CPU.ActiveCfg = Release|Any CPU
		{056BB5D5-60D2-428F-A1CD-38E8355E5E91}.Release|Any CPU.Build.0 = Release|Any CPU
		{08A7AD1B-066E-427F-AE68-5C3C28C0462D}.Debug|Any CPU.ActiveCfg = Debug|Any CPU
		{08A7AD1B-066E-427F-AE68-5C3C28C0462D}.Debug|Any CPU.Build.0 = Debug|Any CPU
		{08A7AD1B-066E-427F-AE68-5C3C28C0462D}.Release|Any CPU.ActiveCfg = Release|Any CPU
		{08A7AD1B-066E-427F-AE68-5C3C28C0462D}.Release|Any CPU.Build.0 = Release|Any CPU
		{99B92A1E-94F1-44EE-971C-A8E6DE6A783E}.Debug|Any CPU.ActiveCfg = Debug|Any CPU
		{99B92A1E-94F1-44EE-971C-A8E6DE6A783E}.Debug|Any CPU.Build.0 = Debug|Any CPU
		{99B92A1E-94F1-44EE-971C-A8E6DE6A783E}.Release|Any CPU.ActiveCfg = Release|Any CPU
		{99B92A1E-94F1-44EE-971C-A8E6DE6A783E}.Release|Any CPU.Build.0 = Release|Any CPU
		{8EE8D2AF-1D3D-45D5-B99F-7DC4B8AE6139}.Debug|Any CPU.ActiveCfg = Debug|Any CPU
		{8EE8D2AF-1D3D-45D5-B99F-7DC4B8AE6139}.Debug|Any CPU.Build.0 = Debug|Any CPU
		{8EE8D2AF-1D3D-45D5-B99F-7DC4B8AE6139}.Release|Any CPU.ActiveCfg = Release|Any CPU
		{8EE8D2AF-1D3D-45D5-B99F-7DC4B8AE6139}.Release|Any CPU.Build.0 = Release|Any CPU
	EndGlobalSection
EndGlobal
